
Microsoft Visual Studio Solution File, Format Version 12.00
Project("{FAE04EC0-301F-11D3-BF4B-00C04F79EFBC}") = "APBD3", "APBD3\APBD3.csproj", "{9DE86A04-DE87-4B5F-B2F4-ABBEAE700B94}"
EndProject
Global
	GlobalSection(SolutionConfigurationPlatforms) = preSolution
		Debug|Any CPU = Debug|Any CPU
		Release|Any CPU = Release|Any CPU
	EndGlobalSection
	GlobalSection(ProjectConfigurationPlatforms) = postSolution
		{9DE86A04-DE87-4B5F-B2F4-ABBEAE700B94}.Debug|Any CPU.ActiveCfg = Debug|Any CPU
		{9DE86A04-DE87-4B5F-B2F4-ABBEAE700B94}.Debug|Any CPU.Build.0 = Debug|Any CPU
		{9DE86A04-DE87-4B5F-B2F4-ABBEAE700B94}.Release|Any CPU.ActiveCfg = Release|Any CPU
		{9DE86A04-DE87-4B5F-B2F4-ABBEAE700B94}.Release|Any CPU.Build.0 = Release|Any CPU
	EndGlobalSection
EndGlobal
